
Microsoft Visual Studio Solution File, Format Version 12.00
# Visual Studio Version 16
VisualStudioVersion = 16.0.31729.503
MinimumVisualStudioVersion = 10.0.40219.1
Project("{FAE04EC0-301F-11D3-BF4B-00C04F79EFBC}") = "Shop", "Shop\Shop.csproj", "{62A8C5C1-DFF7-4290-8334-44B4EF9EDC6B}"
EndProject
Global
	GlobalSection(SolutionConfigurationPlatforms) = preSolution
		Debug|Any CPU = Debug|Any CPU
		Release|Any CPU = Release|Any CPU
	EndGlobalSection
	GlobalSection(ProjectConfigurationPlatforms) = postSolution
		{62A8C5C1-DFF7-4290-8334-44B4EF9EDC6B}.Debug|Any CPU.ActiveCfg = Debug|Any CPU
		{62A8C5C1-DFF7-4290-8334-44B4EF9EDC6B}.Debug|Any CPU.Build.0 = Debug|Any CPU
		{62A8C5C1-DFF7-4290-8334-44B4EF9EDC6B}.Release|Any CPU.ActiveCfg = Release|Any CPU
		{62A8C5C1-DFF7-4290-8334-44B4EF9EDC6B}.Release|Any CPU.Build.0 = Release|Any CPU
	EndGlobalSection
	GlobalSection(SolutionProperties) = preSolution
		HideSolutionNode = FALSE
	EndGlobalSection
	GlobalSection(ExtensibilityGlobals) = postSolution
		SolutionGuid = {107F907A-578F-4922-87AF-DC7E936A5BB5}
	EndGlobalSection
EndGlobal
